<?xml version="1.0" encoding="utf-8"?>
<Project ToolsVersion="15.0" xmlns="http://schemas.microsoft.com/developer/msbuild/2003">
  <ItemGroup>
    <ClCompile Include="AlbaTest_Precompile.cpp" />
    <ClCompile Include="AlbaTest_AlbaTestModule.cpp">
      <Filter>Module</Filter>
    </ClCompile>
    <ClCompile Include="AlbaTest.cpp" />
    <ClCompile Include="AlbaTest_Core_EnumerationSet.cpp">
      <Filter>Tests</Filter>
    </ClCompile>
    <ClCompile Include="AlbaTest_Core_ConsoleCommandParser.cpp">
      <Filter>Tests</Filter>
    </ClCompile>
    <ClCompile Include="AlbaTest_Core_ConsoleCommands.cpp">
      <Filter>Tests</Filter>
    </ClCompile>
  </ItemGroup>
  <ItemGroup>
    <ClInclude Include="AlbaTest_Precompile.hpp" />
    <ClInclude Include="AlbaTest_AlbaTestModule.hpp">
      <Filter>Module</Filter>
    </ClInclude>
    <ClInclude Include="AlbaTest.hpp" />
    <ClInclude Include="AlbaTest_Core_EnumerationSet.hpp">
      <Filter>Tests</Filter>
    </ClInclude>
    <ClInclude Include="AlbaTest_Core_ConsoleCommandParser.hpp">
      <Filter>Tests</Filter>
    </ClInclude>
    <ClInclude Include="AlbaTest_Core_ConsoleCommands.hpp">
      <Filter>Tests</Filter>
    </ClInclude>
  </ItemGroup>
  <ItemGroup>
    <Filter Include="Module">
      <UniqueIdentifier>{ace10df2-1f44-40ef-a84b-97ee525fc5f2}</UniqueIdentifier>
    </Filter>
    <Filter Include="Tests">
      <UniqueIdentifier>{8740859b-826e-4c34-8e39-9014fdc8ce0f}</UniqueIdentifier>
    </Filter>
  </ItemGroup>
</Project>