<?xml version="1.0" encoding="utf-8"?>
<Project ToolsVersion="15.0" xmlns="http://schemas.microsoft.com/developer/msbuild/2003">
  <ItemGroup>
    <ClCompile Include="Input_Precompile.cpp" />
    <ClCompile Include="Input_Keyboard.cpp">
      <Filter>Devices</Filter>
    </ClCompile>
    <ClCompile Include="Input_Module.cpp">
      <Filter>Module</Filter>
    </ClCompile>
    <ClCompile Include="Input.cpp" />
    <ClCompile Include="Input_Service.cpp">
      <Filter>Service</Filter>
    </ClCompile>
  </ItemGroup>
  <ItemGroup>
    <ClInclude Include="Input_Precompile.hpp" />
    <ClInclude Include="Input_Keyboard.hpp">
      <Filter>Devices</Filter>
    </ClInclude>
    <ClInclude Include="Input_KeyboardEnumerations.hpp" />
    <ClInclude Include="Input_Module.hpp">
      <Filter>Module</Filter>
    </ClInclude>
    <ClInclude Include="Input.hpp" />
    <ClInclude Include="Input_API.hpp" />
    <ClInclude Include="Input_Service.hpp">
      <Filter>Service</Filter>
    </ClInclude>
    <ClInclude Include="Input_InitParams.hpp" />
  </ItemGroup>
  <ItemGroup>
    <Filter Include="Devices">
      <UniqueIdentifier>{e013ca05-3be5-476d-98d1-a2809fb29695}</UniqueIdentifier>
    </Filter>
    <Filter Include="Module">
      <UniqueIdentifier>{0f8d8b5c-fbc2-413b-b56d-b1257b9f8b2d}</UniqueIdentifier>
    </Filter>
    <Filter Include="Service">
      <UniqueIdentifier>{623c6049-40fd-4864-add7-6f63d88e8ca2}</UniqueIdentifier>
    </Filter>
  </ItemGroup>
</Project>