<?xml version="1.0" encoding="utf-8"?>
<Project ToolsVersion="15.0" xmlns="http://schemas.microsoft.com/developer/msbuild/2003">
  <ItemGroup>
    <ClCompile Include="Core.cpp" />
    <ClCompile Include="Core_Precompile.cpp" />
    <ClCompile Include="Core_EASTLSprintf.cpp">
      <Filter>String</Filter>
    </ClCompile>
    <ClCompile Include="Core_StringHash.cpp">
      <Filter>String</Filter>
    </ClCompile>
    <ClCompile Include="Core_Any.cpp">
      <Filter>Containers</Filter>
    </ClCompile>
    <ClCompile Include="Core_TypeId.cpp">
      <Filter>Utils</Filter>
    </ClCompile>
    <ClCompile Include="Core_CommandLineParameters.cpp">
      <Filter>Utils</Filter>
    </ClCompile>
    <ClCompile Include="Core_Time.cpp">
      <Filter>Time</Filter>
    </ClCompile>
    <ClCompile Include="Core_Memory.cpp">
      <Filter>Memory</Filter>
    </ClCompile>
    <ClCompile Include="Core_Assert.cpp">
      <Filter>Debug</Filter>
    </ClCompile>
    <ClCompile Include="Core_LogCategory.cpp">
      <Filter>Debug</Filter>
    </ClCompile>
    <ClCompile Include="Core_Logging.cpp">
      <Filter>Debug</Filter>
    </ClCompile>
    <ClCompile Include="Core_ModuleRepository.cpp">
      <Filter>Modules</Filter>
    </ClCompile>
    <ClCompile Include="Core_Window.cpp">
      <Filter>Window</Filter>
    </ClCompile>
    <ClCompile Include="Core_Platform.cpp">
      <Filter>Platform</Filter>
    </ClCompile>
    <ClCompile Include="Core_AnyDictionary.cpp">
      <Filter>Containers</Filter>
    </ClCompile>
    <ClCompile Include="Core_CommandLineModule.cpp">
      <Filter>Modules</Filter>
    </ClCompile>
    <ClCompile Include="Core_Profile.cpp">
      <Filter>Profiling</Filter>
    </ClCompile>
    <ClCompile Include="Core_Console.cpp">
      <Filter>Console</Filter>
    </ClCompile>
    <ClCompile Include="Core_AssertMutex.cpp">
      <Filter>Threading</Filter>
    </ClCompile>
    <ClCompile Include="Core_ConsoleModule.cpp">
      <Filter>Console</Filter>
    </ClCompile>
    <ClCompile Include="Core_ConsoleCommandParser.cpp">
      <Filter>Console</Filter>
    </ClCompile>
    <ClCompile Include="Core_WindowModule.cpp">
      <Filter>Window</Filter>
    </ClCompile>
    <ClCompile Include="Core_TaskSystem.cpp">
      <Filter>Task</Filter>
    </ClCompile>
    <ClCompile Include="Core_File.cpp">
      <Filter>FileSystem</Filter>
    </ClCompile>
    <ClCompile Include="Core_TaskDebug.cpp">
      <Filter>Task\Debug</Filter>
    </ClCompile>
    <ClCompile Include="Core_TaskWorker.cpp">
      <Filter>Task</Filter>
    </ClCompile>
    <ClCompile Include="Core_TaskWrapper.cpp">
      <Filter>Task</Filter>
    </ClCompile>
    <ClCompile Include="Core_TaskPool.cpp">
      <Filter>Task</Filter>
    </ClCompile>
    <ClCompile Include="Core_Thread.cpp">
      <Filter>Threading</Filter>
    </ClCompile>
    <ClCompile Include="Core_ThreadId.cpp">
      <Filter>Threading</Filter>
    </ClCompile>
  </ItemGroup>
  <ItemGroup>
    <ClInclude Include="Core.hpp" />
    <ClInclude Include="Core_Algorithm.hpp" />
    <ClInclude Include="Core_Function.hpp" />
    <ClInclude Include="Core_Hash.hpp" />
    <ClInclude Include="Core_Precompile.hpp" />
    <ClInclude Include="Core_Vector.hpp">
      <Filter>Containers</Filter>
    </ClInclude>
    <ClInclude Include="Core_VectorMap.hpp">
      <Filter>Containers</Filter>
    </ClInclude>
    <ClInclude Include="Core_VectorSet.hpp">
      <Filter>Containers</Filter>
    </ClInclude>
    <ClInclude Include="Core_EASTLSprintf.hpp">
      <Filter>String</Filter>
    </ClInclude>
    <ClInclude Include="Core_FixedString.hpp">
      <Filter>String</Filter>
    </ClInclude>
    <ClInclude Include="Core_FixedSubstring.hpp">
      <Filter>String</Filter>
    </ClInclude>
    <ClInclude Include="Core_Deque.hpp">
      <Filter>Containers</Filter>
    </ClInclude>
    <ClInclude Include="Core_Stack.hpp">
      <Filter>Containers</Filter>
    </ClInclude>
    <ClInclude Include="Core_WeakPtr.hpp">
      <Filter>Pointers</Filter>
    </ClInclude>
    <ClInclude Include="Core_UniquePtr.hpp">
      <Filter>Pointers</Filter>
    </ClInclude>
    <ClInclude Include="Core_SharedPtr.hpp">
      <Filter>Pointers</Filter>
    </ClInclude>
    <ClInclude Include="Core_HashSet.hpp">
      <Filter>Containers</Filter>
    </ClInclude>
    <ClInclude Include="Core_HashMap.hpp">
      <Filter>Containers</Filter>
    </ClInclude>
    <ClInclude Include="Core_List.hpp">
      <Filter>Containers</Filter>
    </ClInclude>
    <ClInclude Include="Core_String.hpp">
      <Filter>String</Filter>
    </ClInclude>
    <ClInclude Include="Core_StringHash.hpp">
      <Filter>String</Filter>
    </ClInclude>
    <ClInclude Include="Core_StringUtils.hpp">
      <Filter>String</Filter>
    </ClInclude>
    <ClInclude Include="Core_Map.hpp">
      <Filter>Containers</Filter>
    </ClInclude>
    <ClInclude Include="Core_Queue.hpp">
      <Filter>Containers</Filter>
    </ClInclude>
    <ClInclude Include="Core_Pair.hpp">
      <Filter>Containers</Filter>
    </ClInclude>
    <ClInclude Include="Core_Optional.hpp">
      <Filter>Containers</Filter>
    </ClInclude>
    <ClInclude Include="Core_Any.hpp">
      <Filter>Containers</Filter>
    </ClInclude>
    <ClInclude Include="Core_AnyDictionary.hpp">
      <Filter>Containers</Filter>
    </ClInclude>
    <ClInclude Include="Core_Set.hpp">
      <Filter>Containers</Filter>
    </ClInclude>
    <ClInclude Include="Core_Thread.hpp">
      <Filter>Threading</Filter>
    </ClInclude>
    <ClInclude Include="Core_Mutex.hpp">
      <Filter>Threading</Filter>
    </ClInclude>
    <ClInclude Include="Core_Utils.hpp">
      <Filter>Utils</Filter>
    </ClInclude>
    <ClInclude Include="Core_TypeTraits.hpp">
      <Filter>Utils</Filter>
    </ClInclude>
    <ClInclude Include="Core_TypeId.hpp">
      <Filter>Utils</Filter>
    </ClInclude>
    <ClInclude Include="Core_Array.hpp">
      <Filter>Containers</Filter>
    </ClInclude>
    <ClInclude Include="Core_CommandLineParameters.hpp">
      <Filter>Utils</Filter>
    </ClInclude>
    <ClInclude Include="Core_Container.hpp">
      <Filter>Containers</Filter>
    </ClInclude>
    <ClInclude Include="Core_Time.hpp">
      <Filter>Time</Filter>
    </ClInclude>
    <ClInclude Include="Core_Memory.hpp">
      <Filter>Memory</Filter>
    </ClInclude>
    <ClInclude Include="Core_Memory_Impl.hpp">
      <Filter>Memory</Filter>
    </ClInclude>
    <ClInclude Include="Core_Assert.hpp">
      <Filter>Debug</Filter>
    </ClInclude>
    <ClInclude Include="Core_Logging.hpp">
      <Filter>Debug</Filter>
    </ClInclude>
    <ClInclude Include="Core_LogCategory.hpp">
      <Filter>Debug</Filter>
    </ClInclude>
    <ClInclude Include="Core_AlignedStorage.hpp">
      <Filter>Containers</Filter>
    </ClInclude>
    <ClInclude Include="Core_Module.hpp">
      <Filter>Modules</Filter>
    </ClInclude>
    <ClInclude Include="Core_ModuleRepository.hpp">
      <Filter>Modules</Filter>
    </ClInclude>
    <ClInclude Include="Core_BasicTypes.hpp">
      <Filter>Basic</Filter>
    </ClInclude>
    <ClInclude Include="Core_Config.hpp">
      <Filter>Basic</Filter>
    </ClInclude>
    <ClInclude Include="Core_API.hpp">
      <Filter>Basic</Filter>
    </ClInclude>
    <ClInclude Include="Core_Window.hpp">
      <Filter>Window</Filter>
    </ClInclude>
    <ClInclude Include="Core_WindowEventHandler.hpp">
      <Filter>Window</Filter>
    </ClInclude>
    <ClInclude Include="Core_PlatformHeader.hpp">
      <Filter>Basic</Filter>
    </ClInclude>
    <ClInclude Include="Core_Platform.hpp">
      <Filter>Platform</Filter>
    </ClInclude>
    <ClInclude Include="Core_Variant.hpp">
      <Filter>Containers</Filter>
    </ClInclude>
    <ClInclude Include="Core_CommandLineModule.hpp">
      <Filter>Modules</Filter>
    </ClInclude>
    <ClInclude Include="Core_Profile.hpp">
      <Filter>Profiling</Filter>
    </ClInclude>
    <ClInclude Include="Core_Console.hpp">
      <Filter>Console</Filter>
    </ClInclude>
    <ClInclude Include="Core_StringView.hpp">
      <Filter>String</Filter>
    </ClInclude>
    <ClInclude Include="Core_AssertMutex.hpp">
      <Filter>Threading</Filter>
    </ClInclude>
    <ClInclude Include="Core_FixedStringStream.hpp">
      <Filter>String</Filter>
    </ClInclude>
    <ClInclude Include="Core_ConsoleCommandInternal.hpp">
      <Filter>Console</Filter>
    </ClInclude>
    <ClInclude Include="Core_RingBuffer.hpp">
      <Filter>Containers</Filter>
    </ClInclude>
    <ClInclude Include="Core_BitVector.hpp">
      <Filter>Containers</Filter>
    </ClInclude>
    <ClInclude Include="Core_BitSet.hpp">
      <Filter>Containers</Filter>
    </ClInclude>
    <ClInclude Include="Core_VectorMultiSet.hpp">
      <Filter>Containers</Filter>
    </ClInclude>
    <ClInclude Include="Core_VectorMultiMap.hpp">
      <Filter>Containers</Filter>
    </ClInclude>
    <ClInclude Include="Core_Resource.hpp">
      <Filter>Resource</Filter>
    </ClInclude>
    <ClInclude Include="Core_ResourceRepository.hpp">
      <Filter>Resource</Filter>
    </ClInclude>
    <ClInclude Include="Core_ResourceHandle.hpp">
      <Filter>Resource</Filter>
    </ClInclude>
    <ClInclude Include="Core_ResourceId.hpp">
      <Filter>Resource</Filter>
    </ClInclude>
    <ClInclude Include="Core_StronglyTypedId.hpp">
      <Filter>Utils</Filter>
    </ClInclude>
    <ClInclude Include="Core_ConsoleModule.hpp">
      <Filter>Console</Filter>
    </ClInclude>
    <ClInclude Include="Core_EnumerationSet.hpp">
      <Filter>Containers</Filter>
    </ClInclude>
    <ClInclude Include="Core_EnumerationTraits.hpp">
      <Filter>Utils</Filter>
    </ClInclude>
    <ClInclude Include="Core_ConsoleCommandParser.hpp">
      <Filter>Console</Filter>
    </ClInclude>
    <ClInclude Include="Core_WindowModule.hpp">
      <Filter>Window</Filter>
    </ClInclude>
    <ClInclude Include="Core_Task.hpp">
      <Filter>Task</Filter>
    </ClInclude>
    <ClInclude Include="Core_TaskSystem.hpp">
      <Filter>Task</Filter>
    </ClInclude>
    <ClInclude Include="Core_File.hpp">
      <Filter>FileSystem</Filter>
    </ClInclude>
    <ClInclude Include="Core_Allocators.hpp">
      <Filter>Memory</Filter>
    </ClInclude>
    <ClInclude Include="Core_ArrayView.hpp">
      <Filter>Containers</Filter>
    </ClInclude>
    <ClInclude Include="Core_TaskDebug.hpp">
      <Filter>Task\Debug</Filter>
    </ClInclude>
    <ClInclude Include="Core_TaskWorker.hpp">
      <Filter>Task</Filter>
    </ClInclude>
    <ClInclude Include="Core_TaskIdTypes.hpp">
      <Filter>Task</Filter>
    </ClInclude>
    <ClInclude Include="Core_FreeList.hpp">
      <Filter>Memory</Filter>
    </ClInclude>
    <ClInclude Include="Core_TaskTypes.hpp">
      <Filter>Task</Filter>
    </ClInclude>
    <ClInclude Include="Core_TaskPool.hpp">
      <Filter>Task</Filter>
    </ClInclude>
    <ClInclude Include="Core_BitUtils.hpp">
      <Filter>Utils</Filter>
    </ClInclude>
    <ClInclude Include="Core_TaskWrapper.hpp">
      <Filter>Task</Filter>
    </ClInclude>
    <ClInclude Include="Core_TupleUtils.hpp">
      <Filter>Utils</Filter>
    </ClInclude>
    <ClInclude Include="Core_ChronoLiterals.hpp">
      <Filter>Time</Filter>
    </ClInclude>
    <ClInclude Include="Core_TaskPtr.hpp">
      <Filter>Task</Filter>
    </ClInclude>
    <ClInclude Include="Core_SpinLockMutex.hpp">
      <Filter>Threading</Filter>
    </ClInclude>
    <ClInclude Include="Core_ThreadId.hpp">
      <Filter>Threading</Filter>
    </ClInclude>
    <ClInclude Include="Core_Atomic.hpp">
      <Filter>Threading</Filter>
    </ClInclude>
    <ClInclude Include="Core_ReadWriteSpinLockMutex.hpp">
      <Filter>Threading</Filter>
    </ClInclude>
  </ItemGroup>
  <ItemGroup>
    <Filter Include="Containers">
      <UniqueIdentifier>{70845d49-a2c1-49c9-9e96-abfa2eb2f872}</UniqueIdentifier>
    </Filter>
    <Filter Include="String">
      <UniqueIdentifier>{168acba4-9398-4f20-b6f4-d653dc0b2c93}</UniqueIdentifier>
    </Filter>
    <Filter Include="Pointers">
      <UniqueIdentifier>{59c1d66c-22b4-4a95-b23d-e97b4876aceb}</UniqueIdentifier>
    </Filter>
    <Filter Include="Threading">
      <UniqueIdentifier>{c553f30f-d633-432e-aa43-314bd8d9d560}</UniqueIdentifier>
    </Filter>
    <Filter Include="Utils">
      <UniqueIdentifier>{b606975a-d791-44da-995e-2186c8bb198b}</UniqueIdentifier>
    </Filter>
    <Filter Include="Time">
      <UniqueIdentifier>{4a0f1f9f-54da-4b34-9dc8-6900ffdf9eed}</UniqueIdentifier>
    </Filter>
    <Filter Include="Memory">
      <UniqueIdentifier>{6d3e508d-b9e8-448b-be9c-27822c8611b5}</UniqueIdentifier>
    </Filter>
    <Filter Include="Debug">
      <UniqueIdentifier>{16a7765a-bae3-4dfe-8cc6-c9370db3eae7}</UniqueIdentifier>
    </Filter>
    <Filter Include="Modules">
      <UniqueIdentifier>{dafbc20e-8169-4be8-9c4e-b55326d099e1}</UniqueIdentifier>
    </Filter>
    <Filter Include="Basic">
      <UniqueIdentifier>{e7b59211-e62d-46d1-a0fe-dd0b6e0bb8e0}</UniqueIdentifier>
    </Filter>
    <Filter Include="Window">
      <UniqueIdentifier>{7b507238-bb55-4aa8-930c-ac706a2e0aeb}</UniqueIdentifier>
    </Filter>
    <Filter Include="Platform">
      <UniqueIdentifier>{e16b68bf-fea4-493f-bfab-ab2b79d2067d}</UniqueIdentifier>
    </Filter>
    <Filter Include="Profiling">
      <UniqueIdentifier>{55e33dae-7450-40c2-b690-5361a3e7ce1c}</UniqueIdentifier>
    </Filter>
    <Filter Include="Console">
      <UniqueIdentifier>{ef502dd9-cdf2-4711-a6b1-e5360d6b1f01}</UniqueIdentifier>
    </Filter>
    <Filter Include="Resource">
      <UniqueIdentifier>{1a409d32-6549-4942-885f-21742cc8ef81}</UniqueIdentifier>
    </Filter>
    <Filter Include="FileSystem">
      <UniqueIdentifier>{699a36c2-f50e-41f0-8933-9936ca537044}</UniqueIdentifier>
    </Filter>
    <Filter Include="Task">
      <UniqueIdentifier>{2f7c93e6-c6a0-4e12-9d46-921190194cce}</UniqueIdentifier>
    </Filter>
    <Filter Include="Task\Debug">
      <UniqueIdentifier>{f42152c0-8bac-46a3-96e0-71afb0ea7797}</UniqueIdentifier>
    </Filter>
  </ItemGroup>
  <ItemGroup>
    <Natvis Include="AlbaCore.natvis" />
  </ItemGroup>
</Project>